
Microsoft Visual Studio Solution File, Format Version 12.00
Project("{FAE04EC0-301F-11D3-BF4B-00C04F79EFBC}") = "ApiGatway", "ApiGatway\ApiGatway.csproj", "{DA14821A-17D2-438F-9CBE-219204D87DCF}"
EndProject
Global
	GlobalSection(SolutionConfigurationPlatforms) = preSolution
		Debug|Any CPU = Debug|Any CPU
		Release|Any CPU = Release|Any CPU
	EndGlobalSection
	GlobalSection(ProjectConfigurationPlatforms) = postSolution
		{DA14821A-17D2-438F-9CBE-219204D87DCF}.Debug|Any CPU.ActiveCfg = Debug|Any CPU
		{DA14821A-17D2-438F-9CBE-219204D87DCF}.Debug|Any CPU.Build.0 = Debug|Any CPU
		{DA14821A-17D2-438F-9CBE-219204D87DCF}.Release|Any CPU.ActiveCfg = Release|Any CPU
		{DA14821A-17D2-438F-9CBE-219204D87DCF}.Release|Any CPU.Build.0 = Release|Any CPU
	EndGlobalSection
EndGlobal
